
Microsoft Visual Studio Solution File, Format Version 11.00
# Visual Studio 2010
Project("{FAE04EC0-301F-11D3-BF4B-00C04F79EFBC}") = "AgileOutlook", "AgileOutlook\AgileOutlook.csproj", "{6224444F-B94C-448A-B07D-CC8D47E85930}"
EndProject
Project("{FAE04EC0-301F-11D3-BF4B-00C04F79EFBC}") = "AgileOutlook.Core", "AgileOutlook.Core\AgileOutlook.Core.csproj", "{46362F8A-82C8-4B1F-B487-8849C06FC220}"
EndProject
Global
	GlobalSection(SolutionConfigurationPlatforms) = preSolution
		Debug|Any CPU = Debug|Any CPU
		Release|Any CPU = Release|Any CPU
	EndGlobalSection
	GlobalSection(ProjectConfigurationPlatforms) = postSolution
		{6224444F-B94C-448A-B07D-CC8D47E85930}.Debug|Any CPU.ActiveCfg = Debug|Any CPU
		{6224444F-B94C-448A-B07D-CC8D47E85930}.Debug|Any CPU.Build.0 = Debug|Any CPU
		{6224444F-B94C-448A-B07D-CC8D47E85930}.Release|Any CPU.ActiveCfg = Release|Any CPU
		{6224444F-B94C-448A-B07D-CC8D47E85930}.Release|Any CPU.Build.0 = Release|Any CPU
		{46362F8A-82C8-4B1F-B487-8849C06FC220}.Debug|Any CPU.ActiveCfg = Debug|Any CPU
		{46362F8A-82C8-4B1F-B487-8849C06FC220}.Debug|Any CPU.Build.0 = Debug|Any CPU
		{46362F8A-82C8-4B1F-B487-8849C06FC220}.Release|Any CPU.ActiveCfg = Release|Any CPU
		{46362F8A-82C8-4B1F-B487-8849C06FC220}.Release|Any CPU.Build.0 = Release|Any CPU
	EndGlobalSection
	GlobalSection(SolutionProperties) = preSolution
		HideSolutionNode = FALSE
	EndGlobalSection
EndGlobal
