
Microsoft Visual Studio Solution File, Format Version 12.00
# Visual Studio 2012
Project("{FAE04EC0-301F-11D3-BF4B-00C04F79EFBC}") = "MvcApplication4", "MvcApplication4\MvcApplication4.csproj", "{6A863DAA-4F87-43B0-9699-11FBB2DCD8F5}"
EndProject
Project("{FAE04EC0-301F-11D3-BF4B-00C04F79EFBC}") = "MvcApplication4.Office", "MvcApplication4.Office\MvcApplication4.Office.csproj", "{056BAF7F-AC84-4BB9-A30B-3B2BB0AD1357}"
EndProject
Global
	GlobalSection(SolutionConfigurationPlatforms) = preSolution
		Debug|Any CPU = Debug|Any CPU
		Release|Any CPU = Release|Any CPU
	EndGlobalSection
	GlobalSection(ProjectConfigurationPlatforms) = postSolution
		{6A863DAA-4F87-43B0-9699-11FBB2DCD8F5}.Debug|Any CPU.ActiveCfg = Debug|Any CPU
		{6A863DAA-4F87-43B0-9699-11FBB2DCD8F5}.Debug|Any CPU.Build.0 = Debug|Any CPU
		{6A863DAA-4F87-43B0-9699-11FBB2DCD8F5}.Release|Any CPU.ActiveCfg = Release|Any CPU
		{6A863DAA-4F87-43B0-9699-11FBB2DCD8F5}.Release|Any CPU.Build.0 = Release|Any CPU
		{056BAF7F-AC84-4BB9-A30B-3B2BB0AD1357}.Debug|Any CPU.ActiveCfg = Debug|Any CPU
		{056BAF7F-AC84-4BB9-A30B-3B2BB0AD1357}.Debug|Any CPU.Build.0 = Debug|Any CPU
		{056BAF7F-AC84-4BB9-A30B-3B2BB0AD1357}.Debug|Any CPU.Deploy.0 = Debug|Any CPU
		{056BAF7F-AC84-4BB9-A30B-3B2BB0AD1357}.Release|Any CPU.ActiveCfg = Release|Any CPU
		{056BAF7F-AC84-4BB9-A30B-3B2BB0AD1357}.Release|Any CPU.Build.0 = Release|Any CPU
		{056BAF7F-AC84-4BB9-A30B-3B2BB0AD1357}.Release|Any CPU.Deploy.0 = Release|Any CPU
	EndGlobalSection
	GlobalSection(SolutionProperties) = preSolution
		HideSolutionNode = FALSE
	EndGlobalSection
EndGlobal
