
Microsoft Visual Studio Solution File, Format Version 12.00
# Visual Studio Express 2012 for Web
Project("{FAE04EC0-301F-11D3-BF4B-00C04F79EFBC}") = "Html5Practice", "Html5Practice\Html5Practice.csproj", "{F38781F5-DB49-4D83-B60E-00D4E22CFA7D}"
EndProject
Global
	GlobalSection(SolutionConfigurationPlatforms) = preSolution
		Debug|Any CPU = Debug|Any CPU
		Release|Any CPU = Release|Any CPU
	EndGlobalSection
	GlobalSection(ProjectConfigurationPlatforms) = postSolution
		{F38781F5-DB49-4D83-B60E-00D4E22CFA7D}.Debug|Any CPU.ActiveCfg = Debug|Any CPU
		{F38781F5-DB49-4D83-B60E-00D4E22CFA7D}.Debug|Any CPU.Build.0 = Debug|Any CPU
		{F38781F5-DB49-4D83-B60E-00D4E22CFA7D}.Release|Any CPU.ActiveCfg = Release|Any CPU
		{F38781F5-DB49-4D83-B60E-00D4E22CFA7D}.Release|Any CPU.Build.0 = Release|Any CPU
	EndGlobalSection
	GlobalSection(SolutionProperties) = preSolution
		HideSolutionNode = FALSE
	EndGlobalSection
EndGlobal
