
Microsoft Visual Studio Solution File, Format Version 11.00
# Visual Studio 2012
Project("{FAE04EC0-301F-11D3-BF4B-00C04F79EFBC}") = "MVCDemo", "MVCDemo\MVCDemo.csproj", "{0BA08A6F-C391-40A0-B348-8E8742E68A51}"
EndProject
Project("{2150E333-8FDC-42A3-9474-1A3956D46DE8}") = ".nuget", ".nuget", "{6D870CA7-D93E-4846-AF7E-F3BEEF050C16}"
	ProjectSection(SolutionItems) = preProject
		.nuget\NuGet.Config = .nuget\NuGet.Config
		.nuget\NuGet.exe = .nuget\NuGet.exe
		.nuget\NuGet.targets = .nuget\NuGet.targets
	EndProjectSection
EndProject
Global
	GlobalSection(SolutionConfigurationPlatforms) = preSolution
		Debug|Any CPU = Debug|Any CPU
		Release|Any CPU = Release|Any CPU
	EndGlobalSection
	GlobalSection(ProjectConfigurationPlatforms) = postSolution
		{0BA08A6F-C391-40A0-B348-8E8742E68A51}.Debug|Any CPU.ActiveCfg = Debug|Any CPU
		{0BA08A6F-C391-40A0-B348-8E8742E68A51}.Debug|Any CPU.Build.0 = Debug|Any CPU
		{0BA08A6F-C391-40A0-B348-8E8742E68A51}.Release|Any CPU.ActiveCfg = Release|Any CPU
		{0BA08A6F-C391-40A0-B348-8E8742E68A51}.Release|Any CPU.Build.0 = Release|Any CPU
	EndGlobalSection
	GlobalSection(SolutionProperties) = preSolution
		HideSolutionNode = FALSE
	EndGlobalSection
EndGlobal
