
Microsoft Visual Studio Solution File, Format Version 12.00
# Visual Studio Express 2012 for Web
Project("{FAE04EC0-301F-11D3-BF4B-00C04F79EFBC}") = "ValidationDemo", "ValidationDemo\ValidationDemo.csproj", "{CFDDA796-110B-4864-A7EF-275ED8690542}"
EndProject
Global
	GlobalSection(SolutionConfigurationPlatforms) = preSolution
		Debug|Any CPU = Debug|Any CPU
		Release|Any CPU = Release|Any CPU
	EndGlobalSection
	GlobalSection(ProjectConfigurationPlatforms) = postSolution
		{CFDDA796-110B-4864-A7EF-275ED8690542}.Debug|Any CPU.ActiveCfg = Debug|Any CPU
		{CFDDA796-110B-4864-A7EF-275ED8690542}.Debug|Any CPU.Build.0 = Debug|Any CPU
		{CFDDA796-110B-4864-A7EF-275ED8690542}.Release|Any CPU.ActiveCfg = Release|Any CPU
		{CFDDA796-110B-4864-A7EF-275ED8690542}.Release|Any CPU.Build.0 = Release|Any CPU
	EndGlobalSection
	GlobalSection(SolutionProperties) = preSolution
		HideSolutionNode = FALSE
	EndGlobalSection
EndGlobal
